
Microsoft Visual Studio Solution File, Format Version 12.00
# Visual Studio Version 17
VisualStudioVersion = 17.7.34024.191
MinimumVisualStudioVersion = 10.0.40219.1
Project("{FAE04EC0-301F-11D3-BF4B-00C04F79EFBC}") = "BaiKiemTra_WinForm", "BaiKiemTra_WinForm\BaiKiemTra_WinForm.csproj", "{F69F6637-F2A5-45E1-A3AE-DC5F6BD74F20}"
EndProject
Global
	GlobalSection(SolutionConfigurationPlatforms) = preSolution
		Debug|Any CPU = Debug|Any CPU
		Release|Any CPU = Release|Any CPU
	EndGlobalSection
	GlobalSection(ProjectConfigurationPlatforms) = postSolution
		{F69F6637-F2A5-45E1-A3AE-DC5F6BD74F20}.Debug|Any CPU.ActiveCfg = Debug|Any CPU
		{F69F6637-F2A5-45E1-A3AE-DC5F6BD74F20}.Debug|Any CPU.Build.0 = Debug|Any CPU
		{F69F6637-F2A5-45E1-A3AE-DC5F6BD74F20}.Release|Any CPU.ActiveCfg = Release|Any CPU
		{F69F6637-F2A5-45E1-A3AE-DC5F6BD74F20}.Release|Any CPU.Build.0 = Release|Any CPU
	EndGlobalSection
	GlobalSection(SolutionProperties) = preSolution
		HideSolutionNode = FALSE
	EndGlobalSection
	GlobalSection(ExtensibilityGlobals) = postSolution
		SolutionGuid = {5AF2D8F4-54E2-42A9-BD05-D744F30340AA}
	EndGlobalSection
EndGlobal
